
Microsoft Visual Studio Solution File, Format Version 12.00
# Visual Studio Version 17
VisualStudioVersion = 17.0.31903.59
MinimumVisualStudioVersion = 10.0.40219.1
Project("{2150E333-8FDC-42A3-9474-1A3956D46DE8}") = "src", "src", "{C725FFAD-DF30-4196-BAA7-0E291C65D975}"
EndProject
Project("{FAE04EC0-301F-11D3-BF4B-00C04F79EFBC}") = "Presentation", "src\Presentation\Presentation.csproj", "{C7188CA7-2837-448C-AF28-2EB3ABE18685}"
EndProject
Project("{FAE04EC0-301F-11D3-BF4B-00C04F79EFBC}") = "Infrastructure", "src\Infrastructure\Infrastructure.csproj", "{EABD36F3-1FB6-4B54-81EF-D384ECDFEDC9}"
EndProject
Project("{FAE04EC0-301F-11D3-BF4B-00C04F79EFBC}") = "Domain", "src\Domain\Domain.csproj", "{6710158C-EA07-44DF-A4D2-190B645254B1}"
EndProject
Project("{FAE04EC0-301F-11D3-BF4B-00C04F79EFBC}") = "Application", "src\Application\Application.csproj", "{1CD8ACA3-5379-430D-8829-71B625059D1E}"
EndProject
Project("{2150E333-8FDC-42A3-9474-1A3956D46DE8}") = "Test", "Test", "{DBE0FD45-E992-4B41-B8D9-A5EF7A7FF0CF}"
EndProject
Project("{FAE04EC0-301F-11D3-BF4B-00C04F79EFBC}") = "InfrastructureTest", "src\Test\InfrastructureTest\InfrastructureTest.csproj", "{1F1BF80F-EC15-4C0B-AB39-56384A8459F7}"
EndProject
Global
	GlobalSection(SolutionConfigurationPlatforms) = preSolution
		Debug|Any CPU = Debug|Any CPU
		Release|Any CPU = Release|Any CPU
	EndGlobalSection
	GlobalSection(SolutionProperties) = preSolution
		HideSolutionNode = FALSE
	EndGlobalSection
	GlobalSection(ProjectConfigurationPlatforms) = postSolution
		{C7188CA7-2837-448C-AF28-2EB3ABE18685}.Debug|Any CPU.ActiveCfg = Debug|Any CPU
		{C7188CA7-2837-448C-AF28-2EB3ABE18685}.Debug|Any CPU.Build.0 = Debug|Any CPU
		{C7188CA7-2837-448C-AF28-2EB3ABE18685}.Release|Any CPU.ActiveCfg = Release|Any CPU
		{C7188CA7-2837-448C-AF28-2EB3ABE18685}.Release|Any CPU.Build.0 = Release|Any CPU
		{EABD36F3-1FB6-4B54-81EF-D384ECDFEDC9}.Debug|Any CPU.ActiveCfg = Debug|Any CPU
		{EABD36F3-1FB6-4B54-81EF-D384ECDFEDC9}.Debug|Any CPU.Build.0 = Debug|Any CPU
		{EABD36F3-1FB6-4B54-81EF-D384ECDFEDC9}.Release|Any CPU.ActiveCfg = Release|Any CPU
		{EABD36F3-1FB6-4B54-81EF-D384ECDFEDC9}.Release|Any CPU.Build.0 = Release|Any CPU
		{6710158C-EA07-44DF-A4D2-190B645254B1}.Debug|Any CPU.ActiveCfg = Debug|Any CPU
		{6710158C-EA07-44DF-A4D2-190B645254B1}.Debug|Any CPU.Build.0 = Debug|Any CPU
		{6710158C-EA07-44DF-A4D2-190B645254B1}.Release|Any CPU.ActiveCfg = Release|Any CPU
		{6710158C-EA07-44DF-A4D2-190B645254B1}.Release|Any CPU.Build.0 = Release|Any CPU
		{1F1BF80F-EC15-4C0B-AB39-56384A8459F7}.Debug|Any CPU.ActiveCfg = Debug|Any CPU
		{1F1BF80F-EC15-4C0B-AB39-56384A8459F7}.Debug|Any CPU.Build.0 = Debug|Any CPU
		{1F1BF80F-EC15-4C0B-AB39-56384A8459F7}.Release|Any CPU.ActiveCfg = Release|Any CPU
		{1F1BF80F-EC15-4C0B-AB39-56384A8459F7}.Release|Any CPU.Build.0 = Release|Any CPU
		{1CD8ACA3-5379-430D-8829-71B625059D1E}.Debug|Any CPU.ActiveCfg = Debug|Any CPU
		{1CD8ACA3-5379-430D-8829-71B625059D1E}.Debug|Any CPU.Build.0 = Debug|Any CPU
		{1CD8ACA3-5379-430D-8829-71B625059D1E}.Release|Any CPU.ActiveCfg = Release|Any CPU
		{1CD8ACA3-5379-430D-8829-71B625059D1E}.Release|Any CPU.Build.0 = Release|Any CPU
	EndGlobalSection
	GlobalSection(NestedProjects) = preSolution
		{C7188CA7-2837-448C-AF28-2EB3ABE18685} = {C725FFAD-DF30-4196-BAA7-0E291C65D975}
		{EABD36F3-1FB6-4B54-81EF-D384ECDFEDC9} = {C725FFAD-DF30-4196-BAA7-0E291C65D975}
		{6710158C-EA07-44DF-A4D2-190B645254B1} = {C725FFAD-DF30-4196-BAA7-0E291C65D975}
		{DBE0FD45-E992-4B41-B8D9-A5EF7A7FF0CF} = {C725FFAD-DF30-4196-BAA7-0E291C65D975}
		{1F1BF80F-EC15-4C0B-AB39-56384A8459F7} = {DBE0FD45-E992-4B41-B8D9-A5EF7A7FF0CF}
		{1CD8ACA3-5379-430D-8829-71B625059D1E} = {C725FFAD-DF30-4196-BAA7-0E291C65D975}
	EndGlobalSection
EndGlobal
